// !$*UTF8*$!
{
	archiveVersion = 1;
	classes = {
	};
	objectVersion = 77;
	objects = {

/* Begin PBXBuildFile section */
		0243FAF2A0315C2BF1687EA0 /* GuidesOverlayView.swift in Sources */ = {isa = PBXBuildFile; fileRef = C2A65C80D6FDA601960A9EFA /* GuidesOverlayView.swift */; };
		12E4B3889805F1173EF0BE9E /* AlignmentEngineTests.swift in Sources */ = {isa = PBXBuildFile; fileRef = 7AFFA44F6D4CD280849AEE7A /* AlignmentEngineTests.swift */; };
		152DB79FACF8779EC6EBA3A2 /* SettingsView.swift in Sources */ = {isa = PBXBuildFile; fileRef = F0FC8C8D51FCB62B40B46D42 /* SettingsView.swift */; };
		21D7ED14FE61BB73066A0EE0 /* InstagramSharer.swift in Sources */ = {isa = PBXBuildFile; fileRef = B60EBC2EC7318CE3777CF022 /* InstagramSharer.swift */; };
		3F1E4138A2B562646FC7F59D /* GlyphApp.swift in Sources */ = {isa = PBXBuildFile; fileRef = B5C9DA518F831BFC3522A0B7 /* GlyphApp.swift */; };
		3FDD3F738A69054631A83B6A /* LayerOrderTests.swift in Sources */ = {isa = PBXBuildFile; fileRef = 750A3B4D87496E4F02EA7419 /* LayerOrderTests.swift */; };
		429CC5933823262F528083B6 /* ImagePickerView.swift in Sources */ = {isa = PBXBuildFile; fileRef = 025E21105562917A9EDE3421 /* ImagePickerView.swift */; };
		456BD94B61066227EF19EF3C /* PresetSheetView.swift in Sources */ = {isa = PBXBuildFile; fileRef = 8840209696D74B98224D3358 /* PresetSheetView.swift */; };
		4E937DDFE267BFFB2D2ADEE6 /* TextOverlayView.swift in Sources */ = {isa = PBXBuildFile; fileRef = 91CE26D9CD8872F2B45665D9 /* TextOverlayView.swift */; };
		51C8A53F05AED171DEDF8262 /* ColorGrid.swift in Sources */ = {isa = PBXBuildFile; fileRef = 23BA4BF48242787E0969B421 /* ColorGrid.swift */; };
		545601DE752BCD9B882307AA /* HapticsService.swift in Sources */ = {isa = PBXBuildFile; fileRef = E6D59AF390EAD8E4384C9870 /* HapticsService.swift */; };
		5B069BDEEDD5A50712A5221F /* PresetStore.swift in Sources */ = {isa = PBXBuildFile; fileRef = 2C5F3095816EFCA6EC68664E /* PresetStore.swift */; };
		618CFDC1A8C6303E6B42B83F /* AlignmentEngine.swift in Sources */ = {isa = PBXBuildFile; fileRef = 28D7167BD8A2AAB4C2B72493 /* AlignmentEngine.swift */; };
		65596D67A77AEE691CB7407A /* Guide.swift in Sources */ = {isa = PBXBuildFile; fileRef = 2470E84972269F823B2F6059 /* Guide.swift */; };
		664105F1F1DD8EDD02BD013A /* StylePreset.swift in Sources */ = {isa = PBXBuildFile; fileRef = 56D18D9D7328875F419B38D9 /* StylePreset.swift */; };
		6B6C78F7A305E297B4D1396D /* ImageOverlayView.swift in Sources */ = {isa = PBXBuildFile; fileRef = 1BF9ACA1407E44C77FA51FFF /* ImageOverlayView.swift */; };
		746FF9F06F4451053BDFF019 /* LayerPanelView.swift in Sources */ = {isa = PBXBuildFile; fileRef = 92C64A7DD6056ABE383D8649 /* LayerPanelView.swift */; };
		7AE3AAABA722933EDB88F78D /* FontEntry.swift in Sources */ = {isa = PBXBuildFile; fileRef = 253F2553FBDC957B8DDC6E40 /* FontEntry.swift */; };
		7FAF953A10E2AE73E3F62342 /* SettingsViewModel.swift in Sources */ = {isa = PBXBuildFile; fileRef = 2F2A1634719C8189A971F167 /* SettingsViewModel.swift */; };
		80678EFAB96B2AE496ACA88F /* ComponentCatalog.swift in Sources */ = {isa = PBXBuildFile; fileRef = 1A09D3483ECF87EE18F37B1E /* ComponentCatalog.swift */; };
		837A040278D98BB931D6623D /* CanvasLayer.swift in Sources */ = {isa = PBXBuildFile; fileRef = 4379A45D4F0F22797B8774E3 /* CanvasLayer.swift */; };
		8FA5B6ABEBCA31937FC2E959 /* CanvasViewModel.swift in Sources */ = {isa = PBXBuildFile; fileRef = C60A7CE7EA184931BFE6DF61 /* CanvasViewModel.swift */; };
		91AC1BB4532448A0ED75BD51 /* FontPickerSheet.swift in Sources */ = {isa = PBXBuildFile; fileRef = 4B2EC99BC6ACC7CDD2435967 /* FontPickerSheet.swift */; };
		99284F3FBF8D53E9025B2D5C /* FontLoader.swift in Sources */ = {isa = PBXBuildFile; fileRef = D1D3793B0B1EC4F09915A496 /* FontLoader.swift */; };
		9F9FDDB21923F4C30CFAD742 /* PresetCodableTests.swift in Sources */ = {isa = PBXBuildFile; fileRef = EF32F4842DCD3808B2FEA0BB /* PresetCodableTests.swift */; };
		AC063BC4A8E47C256B8BEC1A /* FontLibraryViewModel.swift in Sources */ = {isa = PBXBuildFile; fileRef = B78CD946FBB2DEDA9166E34E /* FontLibraryViewModel.swift */; };
		B132FFB98428E9A2FBF134A7 /* SnapIntegrationTests.swift in Sources */ = {isa = PBXBuildFile; fileRef = 51747244A8400079B2DEDC05 /* SnapIntegrationTests.swift */; };
		CA2A4103A6E2EC70EE1D7D7E /* ExportEngine.swift in Sources */ = {isa = PBXBuildFile; fileRef = 9456D868A458AACA75E939E6 /* ExportEngine.swift */; };
		CB9CD6E075D30D84CB14EFDE /* CanvasView.swift in Sources */ = {isa = PBXBuildFile; fileRef = 3B99FEC37FBF960569B5726F /* CanvasView.swift */; };
		CC80A0DDD861A24815FE4B91 /* CanvasBackground.swift in Sources */ = {isa = PBXBuildFile; fileRef = 96A1D890694A476B5E866B8C /* CanvasBackground.swift */; };
		CE33E70FFE02C24FF34265BA /* ExportEngineTests.swift in Sources */ = {isa = PBXBuildFile; fileRef = DAF8A96C7F7DEBB903035F57 /* ExportEngineTests.swift */; };
		D064664ADCB5A7427BE42FB0 /* BackgroundImageView.swift in Sources */ = {isa = PBXBuildFile; fileRef = 5E91BE95D32B3DC6F12FD899 /* BackgroundImageView.swift */; };
		E67EE10AF89CD525DFF76A02 /* StyleControlsView.swift in Sources */ = {isa = PBXBuildFile; fileRef = 9331CDBFCF6E28FA74E9ECF8 /* StyleControlsView.swift */; };
		E8F31606E6559C52FD645710 /* ExportSheet.swift in Sources */ = {isa = PBXBuildFile; fileRef = C1B983BE3567B6E6EA5A5028 /* ExportSheet.swift */; };
		EA5BDD4060CE4D3B838D53B3 /* ContrastService.swift in Sources */ = {isa = PBXBuildFile; fileRef = 1190EBA6A4BCDF8754F29FD2 /* ContrastService.swift */; };
		F703655B4358B13A45714405 /* GlyphDesignSystem.swift in Sources */ = {isa = PBXBuildFile; fileRef = 993102EAB94F92F5FFF957C8 /* GlyphDesignSystem.swift */; };
		A1B2C3D4E5F6A7B8C9D0E1F2 /* PlayfairDisplay-Bold.ttf in Resources */ = {isa = PBXBuildFile; fileRef = 1A2B3C4D5E6F7A8B9C0D1E2F /* PlayfairDisplay-Bold.ttf */; };
		B2C3D4E5F6A7B8C9D0E1F2A1 /* SpaceGrotesk-Bold.ttf in Resources */ = {isa = PBXBuildFile; fileRef = 2B3C4D5E6F7A8B9C0D1E2F3A /* SpaceGrotesk-Bold.ttf */; };
		C3D4E5F6A7B8C9D0E1F2A1B2 /* ArchivoBlack-Regular.ttf in Resources */ = {isa = PBXBuildFile; fileRef = 3C4D5E6F7A8B9C0D1E2F3A4B /* ArchivoBlack-Regular.ttf */; };
		D4E5F6A7B8C9D0E1F2A1B2C3 /* Caveat-Regular.ttf in Resources */ = {isa = PBXBuildFile; fileRef = 4D5E6F7A8B9C0D1E2F3A4B5C /* Caveat-Regular.ttf */; };
		E5F6A7B8C9D0E1F2A1B2C3D4 /* DMSerifDisplay-Regular.ttf in Resources */ = {isa = PBXBuildFile; fileRef = 5E6F7A8B9C0D1E2F3A4B5C6D /* DMSerifDisplay-Regular.ttf */; };
		53330992B2DB4D8FA1639BC1 /* CustomGuideTests.swift in Sources */ = {isa = PBXBuildFile; fileRef = C77F5B11DF8C4542B6655C3D /* CustomGuideTests.swift */; };
		47FAE7EBF2874D7F9E6FAC5D /* UndoStackTests.swift in Sources */ = {isa = PBXBuildFile; fileRef = 1D33853DCE804584AD94C864 /* UndoStackTests.swift */; };
		92B22E2E207E490CA74AC877 /* RotationSnapEngineTests.swift in Sources */ = {isa = PBXBuildFile; fileRef = A383743010F647A388F6F926 /* RotationSnapEngineTests.swift */; };
/* End PBXBuildFile section */

/* Begin PBXContainerItemProxy section */
		31AE54102CEC5109C5F6A4F3 /* PBXContainerItemProxy */ = {
			isa = PBXContainerItemProxy;
			containerPortal = A7D9785233E3185C5D28B33F /* Project object */;
			proxyType = 1;
			remoteGlobalIDString = F54BF7F17AC0A13BBE1E0C12;
			remoteInfo = Glyph;
		};
/* End PBXContainerItemProxy section */

/* Begin PBXFileReference section */
		025E21105562917A9EDE3421 /* ImagePickerView.swift */ = {isa = PBXFileReference; lastKnownFileType = sourcecode.swift; path = ImagePickerView.swift; sourceTree = "<group>"; };
		1190EBA6A4BCDF8754F29FD2 /* ContrastService.swift */ = {isa = PBXFileReference; lastKnownFileType = sourcecode.swift; path = ContrastService.swift; sourceTree = "<group>"; };
		1A09D3483ECF87EE18F37B1E /* ComponentCatalog.swift */ = {isa = PBXFileReference; lastKnownFileType = sourcecode.swift; path = ComponentCatalog.swift; sourceTree = "<group>"; };
		1BF9ACA1407E44C77FA51FFF /* ImageOverlayView.swift */ = {isa = PBXFileReference; lastKnownFileType = sourcecode.swift; path = ImageOverlayView.swift; sourceTree = "<group>"; };
		23BA4BF48242787E0969B421 /* ColorGrid.swift */ = {isa = PBXFileReference; lastKnownFileType = sourcecode.swift; path = ColorGrid.swift; sourceTree = "<group>"; };
		2470E84972269F823B2F6059 /* Guide.swift */ = {isa = PBXFileReference; lastKnownFileType = sourcecode.swift; path = Guide.swift; sourceTree = "<group>"; };
		253F2553FBDC957B8DDC6E40 /* FontEntry.swift */ = {isa = PBXFileReference; lastKnownFileType = sourcecode.swift; path = FontEntry.swift; sourceTree = "<group>"; };
		28D7167BD8A2AAB4C2B72493 /* AlignmentEngine.swift */ = {isa = PBXFileReference; lastKnownFileType = sourcecode.swift; path = AlignmentEngine.swift; sourceTree = "<group>"; };
		2C5F3095816EFCA6EC68664E /* PresetStore.swift */ = {isa = PBXFileReference; lastKnownFileType = sourcecode.swift; path = PresetStore.swift; sourceTree = "<group>"; };
		2F2A1634719C8189A971F167 /* SettingsViewModel.swift */ = {isa = PBXFileReference; lastKnownFileType = sourcecode.swift; path = SettingsViewModel.swift; sourceTree = "<group>"; };
		3B99FEC37FBF960569B5726F /* CanvasView.swift */ = {isa = PBXFileReference; lastKnownFileType = sourcecode.swift; path = CanvasView.swift; sourceTree = "<group>"; };
		4379A45D4F0F22797B8774E3 /* CanvasLayer.swift */ = {isa = PBXFileReference; lastKnownFileType = sourcecode.swift; path = CanvasLayer.swift; sourceTree = "<group>"; };
		4B2EC99BC6ACC7CDD2435967 /* FontPickerSheet.swift */ = {isa = PBXFileReference; lastKnownFileType = sourcecode.swift; path = FontPickerSheet.swift; sourceTree = "<group>"; };
		51747244A8400079B2DEDC05 /* SnapIntegrationTests.swift */ = {isa = PBXFileReference; lastKnownFileType = sourcecode.swift; path = SnapIntegrationTests.swift; sourceTree = "<group>"; };
		56D18D9D7328875F419B38D9 /* StylePreset.swift */ = {isa = PBXFileReference; lastKnownFileType = sourcecode.swift; path = StylePreset.swift; sourceTree = "<group>"; };
		5E91BE95D32B3DC6F12FD899 /* BackgroundImageView.swift */ = {isa = PBXFileReference; lastKnownFileType = sourcecode.swift; path = BackgroundImageView.swift; sourceTree = "<group>"; };
		750A3B4D87496E4F02EA7419 /* LayerOrderTests.swift */ = {isa = PBXFileReference; lastKnownFileType = sourcecode.swift; path = LayerOrderTests.swift; sourceTree = "<group>"; };
		7AFFA44F6D4CD280849AEE7A /* AlignmentEngineTests.swift */ = {isa = PBXFileReference; lastKnownFileType = sourcecode.swift; path = AlignmentEngineTests.swift; sourceTree = "<group>"; };
		7D63D8525429087E12F800F0 /* Glyph.app */ = {isa = PBXFileReference; explicitFileType = wrapper.application; includeInIndex = 0; path = Glyph.app; sourceTree = BUILT_PRODUCTS_DIR; };
		8840209696D74B98224D3358 /* PresetSheetView.swift */ = {isa = PBXFileReference; lastKnownFileType = sourcecode.swift; path = PresetSheetView.swift; sourceTree = "<group>"; };
		91CE26D9CD8872F2B45665D9 /* TextOverlayView.swift */ = {isa = PBXFileReference; lastKnownFileType = sourcecode.swift; path = TextOverlayView.swift; sourceTree = "<group>"; };
		92C64A7DD6056ABE383D8649 /* LayerPanelView.swift */ = {isa = PBXFileReference; lastKnownFileType = sourcecode.swift; path = LayerPanelView.swift; sourceTree = "<group>"; };
		9331CDBFCF6E28FA74E9ECF8 /* StyleControlsView.swift */ = {isa = PBXFileReference; lastKnownFileType = sourcecode.swift; path = StyleControlsView.swift; sourceTree = "<group>"; };
		9456D868A458AACA75E939E6 /* ExportEngine.swift */ = {isa = PBXFileReference; lastKnownFileType = sourcecode.swift; path = ExportEngine.swift; sourceTree = "<group>"; };
		96A1D890694A476B5E866B8C /* CanvasBackground.swift */ = {isa = PBXFileReference; lastKnownFileType = sourcecode.swift; path = CanvasBackground.swift; sourceTree = "<group>"; };
		993102EAB94F92F5FFF957C8 /* GlyphDesignSystem.swift */ = {isa = PBXFileReference; lastKnownFileType = sourcecode.swift; path = GlyphDesignSystem.swift; sourceTree = "<group>"; };
		AECBC819BCC48E9AB74AA4EF /* GlyphTests.xctest */ = {isa = PBXFileReference; includeInIndex = 0; lastKnownFileType = wrapper.cfbundle; path = GlyphTests.xctest; sourceTree = BUILT_PRODUCTS_DIR; };
		B5C9DA518F831BFC3522A0B7 /* GlyphApp.swift */ = {isa = PBXFileReference; lastKnownFileType = sourcecode.swift; path = GlyphApp.swift; sourceTree = "<group>"; };
		B60EBC2EC7318CE3777CF022 /* InstagramSharer.swift */ = {isa = PBXFileReference; lastKnownFileType = sourcecode.swift; path = InstagramSharer.swift; sourceTree = "<group>"; };
		B78CD946FBB2DEDA9166E34E /* FontLibraryViewModel.swift */ = {isa = PBXFileReference; lastKnownFileType = sourcecode.swift; path = FontLibraryViewModel.swift; sourceTree = "<group>"; };
		C1B983BE3567B6E6EA5A5028 /* ExportSheet.swift */ = {isa = PBXFileReference; lastKnownFileType = sourcecode.swift; path = ExportSheet.swift; sourceTree = "<group>"; };
		C2A65C80D6FDA601960A9EFA /* GuidesOverlayView.swift */ = {isa = PBXFileReference; lastKnownFileType = sourcecode.swift; path = GuidesOverlayView.swift; sourceTree = "<group>"; };
		C60A7CE7EA184931BFE6DF61 /* CanvasViewModel.swift */ = {isa = PBXFileReference; lastKnownFileType = sourcecode.swift; path = CanvasViewModel.swift; sourceTree = "<group>"; };
		D1D3793B0B1EC4F09915A496 /* FontLoader.swift */ = {isa = PBXFileReference; lastKnownFileType = sourcecode.swift; path = FontLoader.swift; sourceTree = "<group>"; };
		DAF8A96C7F7DEBB903035F57 /* ExportEngineTests.swift */ = {isa = PBXFileReference; lastKnownFileType = sourcecode.swift; path = ExportEngineTests.swift; sourceTree = "<group>"; };
		E6D59AF390EAD8E4384C9870 /* HapticsService.swift */ = {isa = PBXFileReference; lastKnownFileType = sourcecode.swift; path = HapticsService.swift; sourceTree = "<group>"; };
		EF32F4842DCD3808B2FEA0BB /* PresetCodableTests.swift */ = {isa = PBXFileReference; lastKnownFileType = sourcecode.swift; path = PresetCodableTests.swift; sourceTree = "<group>"; };
		F0FC8C8D51FCB62B40B46D42 /* SettingsView.swift */ = {isa = PBXFileReference; lastKnownFileType = sourcecode.swift; path = SettingsView.swift; sourceTree = "<group>"; };
		1A2B3C4D5E6F7A8B9C0D1E2F /* PlayfairDisplay-Bold.ttf */ = {isa = PBXFileReference; lastKnownFileType = file; path = "PlayfairDisplay-Bold.ttf"; sourceTree = "<group>"; };
		2B3C4D5E6F7A8B9C0D1E2F3A /* SpaceGrotesk-Bold.ttf */ = {isa = PBXFileReference; lastKnownFileType = file; path = "SpaceGrotesk-Bold.ttf"; sourceTree = "<group>"; };
		3C4D5E6F7A8B9C0D1E2F3A4B /* ArchivoBlack-Regular.ttf */ = {isa = PBXFileReference; lastKnownFileType = file; path = "ArchivoBlack-Regular.ttf"; sourceTree = "<group>"; };
		4D5E6F7A8B9C0D1E2F3A4B5C /* Caveat-Regular.ttf */ = {isa = PBXFileReference; lastKnownFileType = file; path = "Caveat-Regular.ttf"; sourceTree = "<group>"; };
		5E6F7A8B9C0D1E2F3A4B5C6D /* DMSerifDisplay-Regular.ttf */ = {isa = PBXFileReference; lastKnownFileType = file; path = "DMSerifDisplay-Regular.ttf"; sourceTree = "<group>"; };
		C77F5B11DF8C4542B6655C3D /* CustomGuideTests.swift */ = {isa = PBXFileReference; lastKnownFileType = sourcecode.swift; path = CustomGuideTests.swift; sourceTree = "<group>"; };
		1D33853DCE804584AD94C864 /* UndoStackTests.swift */ = {isa = PBXFileReference; lastKnownFileType = sourcecode.swift; path = UndoStackTests.swift; sourceTree = "<group>"; };
		A383743010F647A388F6F926 /* RotationSnapEngineTests.swift */ = {isa = PBXFileReference; lastKnownFileType = sourcecode.swift; path = RotationSnapEngineTests.swift; sourceTree = "<group>"; };
/* End PBXFileReference section */

/* Begin PBXGroup section */
		0796946EC7B0FAA8F5332023 /* Tests */ = {
			isa = PBXGroup;
			children = (
				FF73B8C2E662E2F820205062 /* GlyphTests */,
			);
			path = Tests;
			sourceTree = "<group>";
		};
		30AFE5916CEFD9C3DBF10BFD = {
			isa = PBXGroup;
			children = (
				42516F196F78AC7480FBA60D /* Sources */,
				7A8B9C0D1E2F3A4B5C6D7E8F /* Resources */,
				0796946EC7B0FAA8F5332023 /* Tests */,
				EE2504723E5E0794AD59BC07 /* Products */,
			);
			sourceTree = "<group>";
		};
		32DFF96EF989FA60FA6D3F58 /* Services */ = {
			isa = PBXGroup;
			children = (
				1190EBA6A4BCDF8754F29FD2 /* ContrastService.swift */,
				9456D868A458AACA75E939E6 /* ExportEngine.swift */,
				D1D3793B0B1EC4F09915A496 /* FontLoader.swift */,
				E6D59AF390EAD8E4384C9870 /* HapticsService.swift */,
				B60EBC2EC7318CE3777CF022 /* InstagramSharer.swift */,
			);
			path = Services;
			sourceTree = "<group>";
		};
		42516F196F78AC7480FBA60D /* Sources */ = {
			isa = PBXGroup;
			children = (
				B5C9DA518F831BFC3522A0B7 /* GlyphApp.swift */,
				993102EAB94F92F5FFF957C8 /* GlyphDesignSystem.swift */,
				88A8A873597125999A9C8980 /* Engine */,
				51AFE74C3F6FB78F7082CBCC /* Models */,
				32DFF96EF989FA60FA6D3F58 /* Services */,
				82A84995B632EB8B9718E2B1 /* Store */,
				D936D9F2A9429A74DF217BAE /* ViewModels */,
				F298526F74F0FD41DDB3A271 /* Views */,
			);
			path = Sources;
			sourceTree = "<group>";
		};
		51AFE74C3F6FB78F7082CBCC /* Models */ = {
			isa = PBXGroup;
			children = (
				96A1D890694A476B5E866B8C /* CanvasBackground.swift */,
				4379A45D4F0F22797B8774E3 /* CanvasLayer.swift */,
				253F2553FBDC957B8DDC6E40 /* FontEntry.swift */,
				2470E84972269F823B2F6059 /* Guide.swift */,
				56D18D9D7328875F419B38D9 /* StylePreset.swift */,
			);
			path = Models;
			sourceTree = "<group>";
		};
		82A84995B632EB8B9718E2B1 /* Store */ = {
			isa = PBXGroup;
			children = (
				2C5F3095816EFCA6EC68664E /* PresetStore.swift */,
			);
			path = Store;
			sourceTree = "<group>";
		};
		88A8A873597125999A9C8980 /* Engine */ = {
			isa = PBXGroup;
			children = (
				28D7167BD8A2AAB4C2B72493 /* AlignmentEngine.swift */,
			);
			path = Engine;
			sourceTree = "<group>";
		};
		D936D9F2A9429A74DF217BAE /* ViewModels */ = {
			isa = PBXGroup;
			children = (
				C60A7CE7EA184931BFE6DF61 /* CanvasViewModel.swift */,
				B78CD946FBB2DEDA9166E34E /* FontLibraryViewModel.swift */,
				2F2A1634719C8189A971F167 /* SettingsViewModel.swift */,
			);
			path = ViewModels;
			sourceTree = "<group>";
		};
		EE2504723E5E0794AD59BC07 /* Products */ = {
			isa = PBXGroup;
			children = (
				7D63D8525429087E12F800F0 /* Glyph.app */,
				AECBC819BCC48E9AB74AA4EF /* GlyphTests.xctest */,
			);
			name = Products;
			sourceTree = "<group>";
		};
		F298526F74F0FD41DDB3A271 /* Views */ = {
			isa = PBXGroup;
			children = (
				5E91BE95D32B3DC6F12FD899 /* BackgroundImageView.swift */,
				3B99FEC37FBF960569B5726F /* CanvasView.swift */,
				23BA4BF48242787E0969B421 /* ColorGrid.swift */,
				1A09D3483ECF87EE18F37B1E /* ComponentCatalog.swift */,
				C1B983BE3567B6E6EA5A5028 /* ExportSheet.swift */,
				4B2EC99BC6ACC7CDD2435967 /* FontPickerSheet.swift */,
				C2A65C80D6FDA601960A9EFA /* GuidesOverlayView.swift */,
				1BF9ACA1407E44C77FA51FFF /* ImageOverlayView.swift */,
				025E21105562917A9EDE3421 /* ImagePickerView.swift */,
				92C64A7DD6056ABE383D8649 /* LayerPanelView.swift */,
				8840209696D74B98224D3358 /* PresetSheetView.swift */,
				F0FC8C8D51FCB62B40B46D42 /* SettingsView.swift */,
				9331CDBFCF6E28FA74E9ECF8 /* StyleControlsView.swift */,
				91CE26D9CD8872F2B45665D9 /* TextOverlayView.swift */,
			);
			path = Views;
			sourceTree = "<group>";
		};
		FF73B8C2E662E2F820205062 /* GlyphTests */ = {
			isa = PBXGroup;
			children = (
				7AFFA44F6D4CD280849AEE7A /* AlignmentEngineTests.swift */,
				DAF8A96C7F7DEBB903035F57 /* ExportEngineTests.swift */,
				750A3B4D87496E4F02EA7419 /* LayerOrderTests.swift */,
				EF32F4842DCD3808B2FEA0BB /* PresetCodableTests.swift */,
				51747244A8400079B2DEDC05 /* SnapIntegrationTests.swift */,
				A383743010F647A388F6F926 /* RotationSnapEngineTests.swift */,
				1D33853DCE804584AD94C864 /* UndoStackTests.swift */,
				C77F5B11DF8C4542B6655C3D /* CustomGuideTests.swift */,
			);
			path = GlyphTests;
			sourceTree = "<group>";
		};
		6F7A8B9C0D1E2F3A4B5C6D7E /* Fonts */ = {
			isa = PBXGroup;
			children = (
				3C4D5E6F7A8B9C0D1E2F3A4B /* ArchivoBlack-Regular.ttf */,
				4D5E6F7A8B9C0D1E2F3A4B5C /* Caveat-Regular.ttf */,
				5E6F7A8B9C0D1E2F3A4B5C6D /* DMSerifDisplay-Regular.ttf */,
				1A2B3C4D5E6F7A8B9C0D1E2F /* PlayfairDisplay-Bold.ttf */,
				2B3C4D5E6F7A8B9C0D1E2F3A /* SpaceGrotesk-Bold.ttf */,
			);
			path = Fonts;
			sourceTree = "<group>";
		};
		7A8B9C0D1E2F3A4B5C6D7E8F /* Resources */ = {
			isa = PBXGroup;
			children = (
				6F7A8B9C0D1E2F3A4B5C6D7E /* Fonts */,
			);
			path = Resources;
			sourceTree = "<group>";
		};
/* End PBXGroup section */

/* Begin PBXNativeTarget section */
		169AD0A9E8C7538D9EBAE4DD /* GlyphTests */ = {
			isa = PBXNativeTarget;
			buildConfigurationList = 4A50A4F0CDAA01A08026FC0D /* Build configuration list for PBXNativeTarget "GlyphTests" */;
			buildPhases = (
				C58672DDD34A0A2AA4E6F4B5 /* Sources */,
			);
			buildRules = (
			);
			dependencies = (
				97816BD75F0F9552F8B806F3 /* PBXTargetDependency */,
			);
			name = GlyphTests;
			packageProductDependencies = (
			);
			productName = GlyphTests;
			productReference = AECBC819BCC48E9AB74AA4EF /* GlyphTests.xctest */;
			productType = "com.apple.product-type.bundle.unit-test";
		};
		F54BF7F17AC0A13BBE1E0C12 /* Glyph */ = {
			isa = PBXNativeTarget;
			buildConfigurationList = 2A20A7C8BD9C10D484F7817D /* Build configuration list for PBXNativeTarget "Glyph" */;
			buildPhases = (
				8B9C0D1E2F3A4B5C6D7E8F9A /* Resources */,
				4622FAF7E6A0B93283B9720D /* Sources */,
			);
			buildRules = (
			);
			dependencies = (
			);
			name = Glyph;
			packageProductDependencies = (
			);
			productName = Glyph;
			productReference = 7D63D8525429087E12F800F0 /* Glyph.app */;
			productType = "com.apple.product-type.application";
		};
/* End PBXNativeTarget section */

/* Begin PBXProject section */
		A7D9785233E3185C5D28B33F /* Project object */ = {
			isa = PBXProject;
			attributes = {
				BuildIndependentTargetsInParallel = YES;
				LastUpgradeCheck = 1600;
				TargetAttributes = {
					169AD0A9E8C7538D9EBAE4DD = {
						ProvisioningStyle = Automatic;
					};
					F54BF7F17AC0A13BBE1E0C12 = {
						ProvisioningStyle = Automatic;
					};
				};
			};
			buildConfigurationList = B4AEB906C0C0A894869CFAD8 /* Build configuration list for PBXProject "Glyph" */;
			developmentRegion = en;
			hasScannedForEncodings = 0;
			knownRegions = (
				Base,
				en,
			);
			mainGroup = 30AFE5916CEFD9C3DBF10BFD;
			minimizedProjectReferenceProxies = 1;
			preferredProjectObjectVersion = 77;
			productRefGroup = EE2504723E5E0794AD59BC07 /* Products */;
			projectDirPath = "";
			projectRoot = "";
			targets = (
				F54BF7F17AC0A13BBE1E0C12 /* Glyph */,
				169AD0A9E8C7538D9EBAE4DD /* GlyphTests */,
			);
		};
/* End PBXProject section */

/* Begin PBXResourcesBuildPhase section */
		8B9C0D1E2F3A4B5C6D7E8F9A /* Resources */ = {
			isa = PBXResourcesBuildPhase;
			buildActionMask = 2147483647;
			files = (
				C3D4E5F6A7B8C9D0E1F2A1B2 /* ArchivoBlack-Regular.ttf in Resources */,
				D4E5F6A7B8C9D0E1F2A1B2C3 /* Caveat-Regular.ttf in Resources */,
				E5F6A7B8C9D0E1F2A1B2C3D4 /* DMSerifDisplay-Regular.ttf in Resources */,
				A1B2C3D4E5F6A7B8C9D0E1F2 /* PlayfairDisplay-Bold.ttf in Resources */,
				B2C3D4E5F6A7B8C9D0E1F2A1 /* SpaceGrotesk-Bold.ttf in Resources */,
			);
			runOnlyForDeploymentPostprocessing = 0;
		};
/* End PBXResourcesBuildPhase section */

/* Begin PBXSourcesBuildPhase section */
		4622FAF7E6A0B93283B9720D /* Sources */ = {
			isa = PBXSourcesBuildPhase;
			buildActionMask = 2147483647;
			files = (
				618CFDC1A8C6303E6B42B83F /* AlignmentEngine.swift in Sources */,
				D064664ADCB5A7427BE42FB0 /* BackgroundImageView.swift in Sources */,
				CC80A0DDD861A24815FE4B91 /* CanvasBackground.swift in Sources */,
				837A040278D98BB931D6623D /* CanvasLayer.swift in Sources */,
				CB9CD6E075D30D84CB14EFDE /* CanvasView.swift in Sources */,
				8FA5B6ABEBCA31937FC2E959 /* CanvasViewModel.swift in Sources */,
				51C8A53F05AED171DEDF8262 /* ColorGrid.swift in Sources */,
				80678EFAB96B2AE496ACA88F /* ComponentCatalog.swift in Sources */,
				EA5BDD4060CE4D3B838D53B3 /* ContrastService.swift in Sources */,
				CA2A4103A6E2EC70EE1D7D7E /* ExportEngine.swift in Sources */,
				E8F31606E6559C52FD645710 /* ExportSheet.swift in Sources */,
				7AE3AAABA722933EDB88F78D /* FontEntry.swift in Sources */,
				AC063BC4A8E47C256B8BEC1A /* FontLibraryViewModel.swift in Sources */,
				99284F3FBF8D53E9025B2D5C /* FontLoader.swift in Sources */,
				91AC1BB4532448A0ED75BD51 /* FontPickerSheet.swift in Sources */,
				3F1E4138A2B562646FC7F59D /* GlyphApp.swift in Sources */,
				F703655B4358B13A45714405 /* GlyphDesignSystem.swift in Sources */,
				65596D67A77AEE691CB7407A /* Guide.swift in Sources */,
				0243FAF2A0315C2BF1687EA0 /* GuidesOverlayView.swift in Sources */,
				545601DE752BCD9B882307AA /* HapticsService.swift in Sources */,
				6B6C78F7A305E297B4D1396D /* ImageOverlayView.swift in Sources */,
				429CC5933823262F528083B6 /* ImagePickerView.swift in Sources */,
				21D7ED14FE61BB73066A0EE0 /* InstagramSharer.swift in Sources */,
				746FF9F06F4451053BDFF019 /* LayerPanelView.swift in Sources */,
				456BD94B61066227EF19EF3C /* PresetSheetView.swift in Sources */,
				5B069BDEEDD5A50712A5221F /* PresetStore.swift in Sources */,
				152DB79FACF8779EC6EBA3A2 /* SettingsView.swift in Sources */,
				7FAF953A10E2AE73E3F62342 /* SettingsViewModel.swift in Sources */,
				E67EE10AF89CD525DFF76A02 /* StyleControlsView.swift in Sources */,
				664105F1F1DD8EDD02BD013A /* StylePreset.swift in Sources */,
				4E937DDFE267BFFB2D2ADEE6 /* TextOverlayView.swift in Sources */,
			);
			runOnlyForDeploymentPostprocessing = 0;
		};
		C58672DDD34A0A2AA4E6F4B5 /* Sources */ = {
			isa = PBXSourcesBuildPhase;
			buildActionMask = 2147483647;
			files = (
				12E4B3889805F1173EF0BE9E /* AlignmentEngineTests.swift in Sources */,
				CE33E70FFE02C24FF34265BA /* ExportEngineTests.swift in Sources */,
				3FDD3F738A69054631A83B6A /* LayerOrderTests.swift in Sources */,
				9F9FDDB21923F4C30CFAD742 /* PresetCodableTests.swift in Sources */,
				B132FFB98428E9A2FBF134A7 /* SnapIntegrationTests.swift in Sources */,
				53330992B2DB4D8FA1639BC1 /* CustomGuideTests.swift in Sources */,
				47FAE7EBF2874D7F9E6FAC5D /* UndoStackTests.swift in Sources */,
				92B22E2E207E490CA74AC877 /* RotationSnapEngineTests.swift in Sources */,
			);
			runOnlyForDeploymentPostprocessing = 0;
		};
/* End PBXSourcesBuildPhase section */

/* Begin PBXTargetDependency section */
		97816BD75F0F9552F8B806F3 /* PBXTargetDependency */ = {
			isa = PBXTargetDependency;
			target = F54BF7F17AC0A13BBE1E0C12 /* Glyph */;
			targetProxy = 31AE54102CEC5109C5F6A4F3 /* PBXContainerItemProxy */;
		};
/* End PBXTargetDependency section */

/* Begin XCBuildConfiguration section */
		202959BADBC820D269A753BE /* Debug */ = {
			isa = XCBuildConfiguration;
			buildSettings = {
				BUNDLE_LOADER = "$(TEST_HOST)";
				IPHONEOS_DEPLOYMENT_TARGET = 17.0;
				LD_RUNPATH_SEARCH_PATHS = (
					"$(inherited)",
					"@executable_path/Frameworks",
					"@loader_path/Frameworks",
				);
				PRODUCT_BUNDLE_IDENTIFIER = com.glyphapp.glyph.tests;
				SDKROOT = iphoneos;
				SWIFT_VERSION = 6.0;
				TARGETED_DEVICE_FAMILY = "1,2";
				TEST_HOST = "$(BUILT_PRODUCTS_DIR)/Glyph.app/Glyph";
			};
			name = Debug;
		};
		8FF93A5AD1D1EC220E815EE6 /* Release */ = {
			isa = XCBuildConfiguration;
			buildSettings = {
				BUNDLE_LOADER = "$(TEST_HOST)";
				IPHONEOS_DEPLOYMENT_TARGET = 17.0;
				LD_RUNPATH_SEARCH_PATHS = (
					"$(inherited)",
					"@executable_path/Frameworks",
					"@loader_path/Frameworks",
				);
				PRODUCT_BUNDLE_IDENTIFIER = com.glyphapp.glyph.tests;
				SDKROOT = iphoneos;
				SWIFT_VERSION = 6.0;
				TARGETED_DEVICE_FAMILY = "1,2";
				TEST_HOST = "$(BUILT_PRODUCTS_DIR)/Glyph.app/Glyph";
			};
			name = Release;
		};
		9D2BCD8DF60BD169C2126CA5 /* Debug */ = {
			isa = XCBuildConfiguration;
			buildSettings = {
				ASSETCATALOG_COMPILER_APPICON_NAME = AppIcon;
				CODE_SIGN_IDENTITY = "iPhone Developer";
				DEVELOPMENT_TEAM = 95MF6RX2GK;
				GENERATE_INFOPLIST_FILE = NO;
				INFOPLIST_FILE = Resources/Info.plist;
				IPHONEOS_DEPLOYMENT_TARGET = 17.0;
				LD_RUNPATH_SEARCH_PATHS = (
					"$(inherited)",
					"@executable_path/Frameworks",
				);
				PRODUCT_BUNDLE_IDENTIFIER = com.glyphapp.glyph;
				SDKROOT = iphoneos;
				TARGETED_DEVICE_FAMILY = "1,2";
			};
			name = Debug;
		};
		A56DF4A06646094422E13D47 /* Release */ = {
			isa = XCBuildConfiguration;
			buildSettings = {
				ASSETCATALOG_COMPILER_APPICON_NAME = AppIcon;
				CODE_SIGN_IDENTITY = "iPhone Developer";
				DEVELOPMENT_TEAM = 95MF6RX2GK;
				GENERATE_INFOPLIST_FILE = NO;
				INFOPLIST_FILE = Resources/Info.plist;
				IPHONEOS_DEPLOYMENT_TARGET = 17.0;
				LD_RUNPATH_SEARCH_PATHS = (
					"$(inherited)",
					"@executable_path/Frameworks",
				);
				PRODUCT_BUNDLE_IDENTIFIER = com.glyphapp.glyph;
				SDKROOT = iphoneos;
				TARGETED_DEVICE_FAMILY = "1,2";
			};
			name = Release;
		};
		CBA873F82BEA70B4FDFA8A42 /* Debug */ = {
			isa = XCBuildConfiguration;
			buildSettings = {
				ALWAYS_SEARCH_USER_PATHS = NO;
				CLANG_ANALYZER_NONNULL = YES;
				CLANG_ANALYZER_NUMBER_OBJECT_CONVERSION = YES_AGGRESSIVE;
				CLANG_CXX_LANGUAGE_STANDARD = "gnu++14";
				CLANG_CXX_LIBRARY = "libc++";
				CLANG_ENABLE_MODULES = YES;
				CLANG_ENABLE_OBJC_ARC = YES;
				CLANG_ENABLE_OBJC_WEAK = YES;
				CLANG_WARN_BLOCK_CAPTURE_AUTORELEASING = YES;
				CLANG_WARN_BOOL_CONVERSION = YES;
				CLANG_WARN_COMMA = YES;
				CLANG_WARN_CONSTANT_CONVERSION = YES;
				CLANG_WARN_DEPRECATED_OBJC_IMPLEMENTATIONS = YES;
				CLANG_WARN_DIRECT_OBJC_ISA_USAGE = YES_ERROR;
				CLANG_WARN_DOCUMENTATION_COMMENTS = YES;
				CLANG_WARN_EMPTY_BODY = YES;
				CLANG_WARN_ENUM_CONVERSION = YES;
				CLANG_WARN_INFINITE_RECURSION = YES;
				CLANG_WARN_INT_CONVERSION = YES;
				CLANG_WARN_NON_LITERAL_NULL_CONVERSION = YES;
				CLANG_WARN_OBJC_IMPLICIT_RETAIN_SELF = YES;
				CLANG_WARN_OBJC_LITERAL_CONVERSION = YES;
				CLANG_WARN_OBJC_ROOT_CLASS = YES_ERROR;
				CLANG_WARN_QUOTED_INCLUDE_IN_FRAMEWORK_HEADER = YES;
				CLANG_WARN_RANGE_LOOP_ANALYSIS = YES;
				CLANG_WARN_STRICT_PROTOTYPES = YES;
				CLANG_WARN_SUSPICIOUS_MOVE = YES;
				CLANG_WARN_UNGUARDED_AVAILABILITY = YES_AGGRESSIVE;
				CLANG_WARN_UNREACHABLE_CODE = YES;
				CLANG_WARN__DUPLICATE_METHOD_MATCH = YES;
				CODE_SIGN_STYLE = Automatic;
				COPY_PHASE_STRIP = NO;
				DEBUG_INFORMATION_FORMAT = dwarf;
				ENABLE_STRICT_OBJC_MSGSEND = YES;
				ENABLE_TESTABILITY = YES;
				GCC_C_LANGUAGE_STANDARD = gnu11;
				GCC_DYNAMIC_NO_PIC = NO;
				GCC_NO_COMMON_BLOCKS = YES;
				GCC_OPTIMIZATION_LEVEL = 0;
				GCC_PREPROCESSOR_DEFINITIONS = (
					"$(inherited)",
					"DEBUG=1",
				);
				GCC_WARN_64_TO_32_BIT_CONVERSION = YES;
				GCC_WARN_ABOUT_RETURN_TYPE = YES_ERROR;
				GCC_WARN_UNDECLARED_SELECTOR = YES;
				GCC_WARN_UNINITIALIZED_AUTOS = YES_AGGRESSIVE;
				GCC_WARN_UNUSED_FUNCTION = YES;
				GCC_WARN_UNUSED_VARIABLE = YES;
				INFOPLIST_FILE = Resources/Info.plist;
				IPHONEOS_DEPLOYMENT_TARGET = 17.0;
				MTL_ENABLE_DEBUG_INFO = INCLUDE_SOURCE;
				MTL_FAST_MATH = YES;
				ONLY_ACTIVE_ARCH = YES;
				PRODUCT_NAME = "$(TARGET_NAME)";
				SDKROOT = iphoneos;
				SWIFT_ACTIVE_COMPILATION_CONDITIONS = DEBUG;
				SWIFT_OPTIMIZATION_LEVEL = "-Onone";
				SWIFT_VERSION = 6.0;
			};
			name = Debug;
		};
		CDDEFA0C870A7D2276928E88 /* Release */ = {
			isa = XCBuildConfiguration;
			buildSettings = {
				ALWAYS_SEARCH_USER_PATHS = NO;
				CLANG_ANALYZER_NONNULL = YES;
				CLANG_ANALYZER_NUMBER_OBJECT_CONVERSION = YES_AGGRESSIVE;
				CLANG_CXX_LANGUAGE_STANDARD = "gnu++14";
				CLANG_CXX_LIBRARY = "libc++";
				CLANG_ENABLE_MODULES = YES;
				CLANG_ENABLE_OBJC_ARC = YES;
				CLANG_ENABLE_OBJC_WEAK = YES;
				CLANG_WARN_BLOCK_CAPTURE_AUTORELEASING = YES;
				CLANG_WARN_BOOL_CONVERSION = YES;
				CLANG_WARN_COMMA = YES;
				CLANG_WARN_CONSTANT_CONVERSION = YES;
				CLANG_WARN_DEPRECATED_OBJC_IMPLEMENTATIONS = YES;
				CLANG_WARN_DIRECT_OBJC_ISA_USAGE = YES_ERROR;
				CLANG_WARN_DOCUMENTATION_COMMENTS = YES;
				CLANG_WARN_EMPTY_BODY = YES;
				CLANG_WARN_ENUM_CONVERSION = YES;
				CLANG_WARN_INFINITE_RECURSION = YES;
				CLANG_WARN_INT_CONVERSION = YES;
				CLANG_WARN_NON_LITERAL_NULL_CONVERSION = YES;
				CLANG_WARN_OBJC_IMPLICIT_RETAIN_SELF = YES;
				CLANG_WARN_OBJC_LITERAL_CONVERSION = YES;
				CLANG_WARN_OBJC_ROOT_CLASS = YES_ERROR;
				CLANG_WARN_QUOTED_INCLUDE_IN_FRAMEWORK_HEADER = YES;
				CLANG_WARN_RANGE_LOOP_ANALYSIS = YES;
				CLANG_WARN_STRICT_PROTOTYPES = YES;
				CLANG_WARN_SUSPICIOUS_MOVE = YES;
				CLANG_WARN_UNGUARDED_AVAILABILITY = YES_AGGRESSIVE;
				CLANG_WARN_UNREACHABLE_CODE = YES;
				CLANG_WARN__DUPLICATE_METHOD_MATCH = YES;
				CODE_SIGN_STYLE = Automatic;
				COPY_PHASE_STRIP = NO;
				DEBUG_INFORMATION_FORMAT = "dwarf-with-dsym";
				ENABLE_NS_ASSERTIONS = NO;
				ENABLE_STRICT_OBJC_MSGSEND = YES;
				GCC_C_LANGUAGE_STANDARD = gnu11;
				GCC_NO_COMMON_BLOCKS = YES;
				GCC_WARN_64_TO_32_BIT_CONVERSION = YES;
				GCC_WARN_ABOUT_RETURN_TYPE = YES_ERROR;
				GCC_WARN_UNDECLARED_SELECTOR = YES;
				GCC_WARN_UNINITIALIZED_AUTOS = YES_AGGRESSIVE;
				GCC_WARN_UNUSED_FUNCTION = YES;
				GCC_WARN_UNUSED_VARIABLE = YES;
				INFOPLIST_FILE = Resources/Info.plist;
				IPHONEOS_DEPLOYMENT_TARGET = 17.0;
				MTL_ENABLE_DEBUG_INFO = NO;
				MTL_FAST_MATH = YES;
				PRODUCT_NAME = "$(TARGET_NAME)";
				SDKROOT = iphoneos;
				SWIFT_COMPILATION_MODE = wholemodule;
				SWIFT_OPTIMIZATION_LEVEL = "-O";
				SWIFT_VERSION = 6.0;
			};
			name = Release;
		};
/* End XCBuildConfiguration section */

/* Begin XCConfigurationList section */
		2A20A7C8BD9C10D484F7817D /* Build configuration list for PBXNativeTarget "Glyph" */ = {
			isa = XCConfigurationList;
			buildConfigurations = (
				9D2BCD8DF60BD169C2126CA5 /* Debug */,
				A56DF4A06646094422E13D47 /* Release */,
			);
			defaultConfigurationIsVisible = 0;
			defaultConfigurationName = Debug;
		};
		4A50A4F0CDAA01A08026FC0D /* Build configuration list for PBXNativeTarget "GlyphTests" */ = {
			isa = XCConfigurationList;
			buildConfigurations = (
				202959BADBC820D269A753BE /* Debug */,
				8FF93A5AD1D1EC220E815EE6 /* Release */,
			);
			defaultConfigurationIsVisible = 0;
			defaultConfigurationName = Debug;
		};
		B4AEB906C0C0A894869CFAD8 /* Build configuration list for PBXProject "Glyph" */ = {
			isa = XCConfigurationList;
			buildConfigurations = (
				CBA873F82BEA70B4FDFA8A42 /* Debug */,
				CDDEFA0C870A7D2276928E88 /* Release */,
			);
			defaultConfigurationIsVisible = 0;
			defaultConfigurationName = Debug;
		};
/* End XCConfigurationList section */
	};
	rootObject = A7D9785233E3185C5D28B33F /* Project object */;
}
