// !$*UTF8*$!
{
	archiveVersion = 1;
	classes = {
	};
	objectVersion = 77;
	objects = {

/* Begin PBXBuildFile section */
		21D7ED14FE61BB73066A0EE0 /* InstagramSharer.swift in Sources */ = {isa = PBXBuildFile; fileRef = B60EBC2EC7318CE3777CF022 /* InstagramSharer.swift */; };
		3F1E4138A2B562646FC7F59D /* GlyphApp.swift in Sources */ = {isa = PBXBuildFile; fileRef = B5C9DA518F831BFC3522A0B7 /* GlyphApp.swift */; };
		4E937DDFE267BFFB2D2ADEE6 /* TextOverlayView.swift in Sources */ = {isa = PBXBuildFile; fileRef = 91CE26D9CD8872F2B45665D9 /* TextOverlayView.swift */; };
		51C8A53F05AED171DEDF8262 /* ColorGrid.swift in Sources */ = {isa = PBXBuildFile; fileRef = 23BA4BF48242787E0969B421 /* ColorGrid.swift */; };
		7AE3AAABA722933EDB88F78D /* FontEntry.swift in Sources */ = {isa = PBXBuildFile; fileRef = 253F2553FBDC957B8DDC6E40 /* FontEntry.swift */; };
		80678EFAB96B2AE496ACA88F /* ComponentCatalog.swift in Sources */ = {isa = PBXBuildFile; fileRef = 1A09D3483ECF87EE18F37B1E /* ComponentCatalog.swift */; };
		8FA5B6ABEBCA31937FC2E959 /* CanvasViewModel.swift in Sources */ = {isa = PBXBuildFile; fileRef = C60A7CE7EA184931BFE6DF61 /* CanvasViewModel.swift */; };
		91AC1BB4532448A0ED75BD51 /* FontPickerSheet.swift in Sources */ = {isa = PBXBuildFile; fileRef = 4B2EC99BC6ACC7CDD2435967 /* FontPickerSheet.swift */; };
		99284F3FBF8D53E9025B2D5C /* FontLoader.swift in Sources */ = {isa = PBXBuildFile; fileRef = D1D3793B0B1EC4F09915A496 /* FontLoader.swift */; };
		AC063BC4A8E47C256B8BEC1A /* FontLibraryViewModel.swift in Sources */ = {isa = PBXBuildFile; fileRef = B78CD946FBB2DEDA9166E34E /* FontLibraryViewModel.swift */; };
		B132FFB98428E9A2FBF134A7 /* TextOverlay.swift in Sources */ = {isa = PBXBuildFile; fileRef = 51747244A8400079B2DEDC05 /* TextOverlay.swift */; };
		CA2A4103A6E2EC70EE1D7D7E /* ExportEngine.swift in Sources */ = {isa = PBXBuildFile; fileRef = 9456D868A458AACA75E939E6 /* ExportEngine.swift */; };
		CB9CD6E075D30D84CB14EFDE /* CanvasView.swift in Sources */ = {isa = PBXBuildFile; fileRef = 3B99FEC37FBF960569B5726F /* CanvasView.swift */; };
		E67EE10AF89CD525DFF76A02 /* StyleControlsView.swift in Sources */ = {isa = PBXBuildFile; fileRef = 9331CDBFCF6E28FA74E9ECF8 /* StyleControlsView.swift */; };
		E8F31606E6559C52FD645710 /* ExportSheet.swift in Sources */ = {isa = PBXBuildFile; fileRef = C1B983BE3567B6E6EA5A5028 /* ExportSheet.swift */; };
		F703655B4358B13A45714405 /* GlyphDesignSystem.swift in Sources */ = {isa = PBXBuildFile; fileRef = 993102EAB94F92F5FFF957C8 /* GlyphDesignSystem.swift */; };
/* End PBXBuildFile section */

/* Begin PBXFileReference section */
		1A09D3483ECF87EE18F37B1E /* ComponentCatalog.swift */ = {isa = PBXFileReference; lastKnownFileType = sourcecode.swift; path = ComponentCatalog.swift; sourceTree = "<group>"; };
		23BA4BF48242787E0969B421 /* ColorGrid.swift */ = {isa = PBXFileReference; lastKnownFileType = sourcecode.swift; path = ColorGrid.swift; sourceTree = "<group>"; };
		253F2553FBDC957B8DDC6E40 /* FontEntry.swift */ = {isa = PBXFileReference; lastKnownFileType = sourcecode.swift; path = FontEntry.swift; sourceTree = "<group>"; };
		3B99FEC37FBF960569B5726F /* CanvasView.swift */ = {isa = PBXFileReference; lastKnownFileType = sourcecode.swift; path = CanvasView.swift; sourceTree = "<group>"; };
		4B2EC99BC6ACC7CDD2435967 /* FontPickerSheet.swift */ = {isa = PBXFileReference; lastKnownFileType = sourcecode.swift; path = FontPickerSheet.swift; sourceTree = "<group>"; };
		51747244A8400079B2DEDC05 /* TextOverlay.swift */ = {isa = PBXFileReference; lastKnownFileType = sourcecode.swift; path = TextOverlay.swift; sourceTree = "<group>"; };
		7D63D8525429087E12F800F0 /* Glyph.app */ = {isa = PBXFileReference; includeInIndex = 0; lastKnownFileType = wrapper.application; path = Glyph.app; sourceTree = BUILT_PRODUCTS_DIR; };
		91CE26D9CD8872F2B45665D9 /* TextOverlayView.swift */ = {isa = PBXFileReference; lastKnownFileType = sourcecode.swift; path = TextOverlayView.swift; sourceTree = "<group>"; };
		9331CDBFCF6E28FA74E9ECF8 /* StyleControlsView.swift */ = {isa = PBXFileReference; lastKnownFileType = sourcecode.swift; path = StyleControlsView.swift; sourceTree = "<group>"; };
		9456D868A458AACA75E939E6 /* ExportEngine.swift */ = {isa = PBXFileReference; lastKnownFileType = sourcecode.swift; path = ExportEngine.swift; sourceTree = "<group>"; };
		993102EAB94F92F5FFF957C8 /* GlyphDesignSystem.swift */ = {isa = PBXFileReference; lastKnownFileType = sourcecode.swift; path = GlyphDesignSystem.swift; sourceTree = "<group>"; };
		B5C9DA518F831BFC3522A0B7 /* GlyphApp.swift */ = {isa = PBXFileReference; lastKnownFileType = sourcecode.swift; path = GlyphApp.swift; sourceTree = "<group>"; };
		B60EBC2EC7318CE3777CF022 /* InstagramSharer.swift */ = {isa = PBXFileReference; lastKnownFileType = sourcecode.swift; path = InstagramSharer.swift; sourceTree = "<group>"; };
		B78CD946FBB2DEDA9166E34E /* FontLibraryViewModel.swift */ = {isa = PBXFileReference; lastKnownFileType = sourcecode.swift; path = FontLibraryViewModel.swift; sourceTree = "<group>"; };
		C1B983BE3567B6E6EA5A5028 /* ExportSheet.swift */ = {isa = PBXFileReference; lastKnownFileType = sourcecode.swift; path = ExportSheet.swift; sourceTree = "<group>"; };
		C60A7CE7EA184931BFE6DF61 /* CanvasViewModel.swift */ = {isa = PBXFileReference; lastKnownFileType = sourcecode.swift; path = CanvasViewModel.swift; sourceTree = "<group>"; };
		D1D3793B0B1EC4F09915A496 /* FontLoader.swift */ = {isa = PBXFileReference; lastKnownFileType = sourcecode.swift; path = FontLoader.swift; sourceTree = "<group>"; };
/* End PBXFileReference section */

/* Begin PBXGroup section */
		30AFE5916CEFD9C3DBF10BFD = {
			isa = PBXGroup;
			children = (
				42516F196F78AC7480FBA60D /* Sources */,
				EE2504723E5E0794AD59BC07 /* Products */,
			);
			sourceTree = "<group>";
		};
		32DFF96EF989FA60FA6D3F58 /* Services */ = {
			isa = PBXGroup;
			children = (
				9456D868A458AACA75E939E6 /* ExportEngine.swift */,
				D1D3793B0B1EC4F09915A496 /* FontLoader.swift */,
				B60EBC2EC7318CE3777CF022 /* InstagramSharer.swift */,
			);
			path = Services;
			sourceTree = "<group>";
		};
		42516F196F78AC7480FBA60D /* Sources */ = {
			isa = PBXGroup;
			children = (
				B5C9DA518F831BFC3522A0B7 /* GlyphApp.swift */,
				993102EAB94F92F5FFF957C8 /* GlyphDesignSystem.swift */,
				51AFE74C3F6FB78F7082CBCC /* Models */,
				32DFF96EF989FA60FA6D3F58 /* Services */,
				D936D9F2A9429A74DF217BAE /* ViewModels */,
				F298526F74F0FD41DDB3A271 /* Views */,
			);
			path = Sources;
			sourceTree = "<group>";
		};
		51AFE74C3F6FB78F7082CBCC /* Models */ = {
			isa = PBXGroup;
			children = (
				253F2553FBDC957B8DDC6E40 /* FontEntry.swift */,
				51747244A8400079B2DEDC05 /* TextOverlay.swift */,
			);
			path = Models;
			sourceTree = "<group>";
		};
		D936D9F2A9429A74DF217BAE /* ViewModels */ = {
			isa = PBXGroup;
			children = (
				C60A7CE7EA184931BFE6DF61 /* CanvasViewModel.swift */,
				B78CD946FBB2DEDA9166E34E /* FontLibraryViewModel.swift */,
			);
			path = ViewModels;
			sourceTree = "<group>";
		};
		EE2504723E5E0794AD59BC07 /* Products */ = {
			isa = PBXGroup;
			children = (
				7D63D8525429087E12F800F0 /* Glyph.app */,
			);
			name = Products;
			sourceTree = "<group>";
		};
		F298526F74F0FD41DDB3A271 /* Views */ = {
			isa = PBXGroup;
			children = (
				3B99FEC37FBF960569B5726F /* CanvasView.swift */,
				23BA4BF48242787E0969B421 /* ColorGrid.swift */,
				1A09D3483ECF87EE18F37B1E /* ComponentCatalog.swift */,
				C1B983BE3567B6E6EA5A5028 /* ExportSheet.swift */,
				4B2EC99BC6ACC7CDD2435967 /* FontPickerSheet.swift */,
				9331CDBFCF6E28FA74E9ECF8 /* StyleControlsView.swift */,
				91CE26D9CD8872F2B45665D9 /* TextOverlayView.swift */,
			);
			path = Views;
			sourceTree = "<group>";
		};
/* End PBXGroup section */

/* Begin PBXNativeTarget section */
		F54BF7F17AC0A13BBE1E0C12 /* Glyph */ = {
			isa = PBXNativeTarget;
			buildConfigurationList = 2A20A7C8BD9C10D484F7817D /* Build configuration list for PBXNativeTarget "Glyph" */;
			buildPhases = (
				4622FAF7E6A0B93283B9720D /* Sources */,
			);
			buildRules = (
			);
			dependencies = (
			);
			name = Glyph;
			packageProductDependencies = (
			);
			productName = Glyph;
			productReference = 7D63D8525429087E12F800F0 /* Glyph.app */;
			productType = "com.apple.product-type.application";
		};
/* End PBXNativeTarget section */

/* Begin PBXProject section */
		A7D9785233E3185C5D28B33F /* Project object */ = {
			isa = PBXProject;
			attributes = {
				BuildIndependentTargetsInParallel = YES;
				LastUpgradeCheck = 1600;
				TargetAttributes = {
					F54BF7F17AC0A13BBE1E0C12 = {
						DevelopmentTeam = Q7M42X7722;
						ProvisioningStyle = Automatic;
					};
				};
			};
			buildConfigurationList = B4AEB906C0C0A894869CFAD8 /* Build configuration list for PBXProject "Glyph" */;
			developmentRegion = en;
			hasScannedForEncodings = 0;
			knownRegions = (
				Base,
				en,
			);
			mainGroup = 30AFE5916CEFD9C3DBF10BFD;
			minimizedProjectReferenceProxies = 1;
			preferredProjectObjectVersion = 77;
			productRefGroup = EE2504723E5E0794AD59BC07 /* Products */;
			projectDirPath = "";
			projectRoot = "";
			targets = (
				F54BF7F17AC0A13BBE1E0C12 /* Glyph */,
			);
		};
/* End PBXProject section */

/* Begin PBXSourcesBuildPhase section */
		4622FAF7E6A0B93283B9720D /* Sources */ = {
			isa = PBXSourcesBuildPhase;
			buildActionMask = 2147483647;
			files = (
				CB9CD6E075D30D84CB14EFDE /* CanvasView.swift in Sources */,
				8FA5B6ABEBCA31937FC2E959 /* CanvasViewModel.swift in Sources */,
				51C8A53F05AED171DEDF8262 /* ColorGrid.swift in Sources */,
				80678EFAB96B2AE496ACA88F /* ComponentCatalog.swift in Sources */,
				CA2A4103A6E2EC70EE1D7D7E /* ExportEngine.swift in Sources */,
				E8F31606E6559C52FD645710 /* ExportSheet.swift in Sources */,
				7AE3AAABA722933EDB88F78D /* FontEntry.swift in Sources */,
				AC063BC4A8E47C256B8BEC1A /* FontLibraryViewModel.swift in Sources */,
				99284F3FBF8D53E9025B2D5C /* FontLoader.swift in Sources */,
				91AC1BB4532448A0ED75BD51 /* FontPickerSheet.swift in Sources */,
				3F1E4138A2B562646FC7F59D /* GlyphApp.swift in Sources */,
				F703655B4358B13A45714405 /* GlyphDesignSystem.swift in Sources */,
				21D7ED14FE61BB73066A0EE0 /* InstagramSharer.swift in Sources */,
				E67EE10AF89CD525DFF76A02 /* StyleControlsView.swift in Sources */,
				B132FFB98428E9A2FBF134A7 /* TextOverlay.swift in Sources */,
				4E937DDFE267BFFB2D2ADEE6 /* TextOverlayView.swift in Sources */,
			);
			runOnlyForDeploymentPostprocessing = 0;
		};
/* End PBXSourcesBuildPhase section */

/* Begin XCBuildConfiguration section */
		9D2BCD8DF60BD169C2126CA5 /* Debug */ = {
			isa = XCBuildConfiguration;
			buildSettings = {
				ASSETCATALOG_COMPILER_APPICON_NAME = AppIcon;
				CODE_SIGN_IDENTITY = "iPhone Developer";
				DEVELOPMENT_TEAM = Q7M42X7722;
				GENERATE_INFOPLIST_FILE = NO;
				INFOPLIST_FILE = Resources/Info.plist;
				IPHONEOS_DEPLOYMENT_TARGET = 17.0;
				LD_RUNPATH_SEARCH_PATHS = (
					"$(inherited)",
					"@executable_path/Frameworks",
				);
				PRODUCT_BUNDLE_IDENTIFIER = com.glyphapp.glyph;
				SDKROOT = iphoneos;
				TARGETED_DEVICE_FAMILY = "1,2";
			};
			name = Debug;
		};
		A56DF4A06646094422E13D47 /* Release */ = {
			isa = XCBuildConfiguration;
			buildSettings = {
				ASSETCATALOG_COMPILER_APPICON_NAME = AppIcon;
				CODE_SIGN_IDENTITY = "iPhone Developer";
				DEVELOPMENT_TEAM = Q7M42X7722;
				GENERATE_INFOPLIST_FILE = NO;
				INFOPLIST_FILE = Resources/Info.plist;
				IPHONEOS_DEPLOYMENT_TARGET = 17.0;
				LD_RUNPATH_SEARCH_PATHS = (
					"$(inherited)",
					"@executable_path/Frameworks",
				);
				PRODUCT_BUNDLE_IDENTIFIER = com.glyphapp.glyph;
				SDKROOT = iphoneos;
				TARGETED_DEVICE_FAMILY = "1,2";
			};
			name = Release;
		};
		CBA873F82BEA70B4FDFA8A42 /* Debug */ = {
			isa = XCBuildConfiguration;
			buildSettings = {
				ALWAYS_SEARCH_USER_PATHS = NO;
				CLANG_ANALYZER_NONNULL = YES;
				CLANG_ANALYZER_NUMBER_OBJECT_CONVERSION = YES_AGGRESSIVE;
				CLANG_CXX_LANGUAGE_STANDARD = "gnu++14";
				CLANG_CXX_LIBRARY = "libc++";
				CLANG_ENABLE_MODULES = YES;
				CLANG_ENABLE_OBJC_ARC = YES;
				CLANG_ENABLE_OBJC_WEAK = YES;
				CLANG_WARN_BLOCK_CAPTURE_AUTORELEASING = YES;
				CLANG_WARN_BOOL_CONVERSION = YES;
				CLANG_WARN_COMMA = YES;
				CLANG_WARN_CONSTANT_CONVERSION = YES;
				CLANG_WARN_DEPRECATED_OBJC_IMPLEMENTATIONS = YES;
				CLANG_WARN_DIRECT_OBJC_ISA_USAGE = YES_ERROR;
				CLANG_WARN_DOCUMENTATION_COMMENTS = YES;
				CLANG_WARN_EMPTY_BODY = YES;
				CLANG_WARN_ENUM_CONVERSION = YES;
				CLANG_WARN_INFINITE_RECURSION = YES;
				CLANG_WARN_INT_CONVERSION = YES;
				CLANG_WARN_NON_LITERAL_NULL_CONVERSION = YES;
				CLANG_WARN_OBJC_IMPLICIT_RETAIN_SELF = YES;
				CLANG_WARN_OBJC_LITERAL_CONVERSION = YES;
				CLANG_WARN_OBJC_ROOT_CLASS = YES_ERROR;
				CLANG_WARN_QUOTED_INCLUDE_IN_FRAMEWORK_HEADER = YES;
				CLANG_WARN_RANGE_LOOP_ANALYSIS = YES;
				CLANG_WARN_STRICT_PROTOTYPES = YES;
				CLANG_WARN_SUSPICIOUS_MOVE = YES;
				CLANG_WARN_UNGUARDED_AVAILABILITY = YES_AGGRESSIVE;
				CLANG_WARN_UNREACHABLE_CODE = YES;
				CLANG_WARN__DUPLICATE_METHOD_MATCH = YES;
				CODE_SIGN_STYLE = Automatic;
				COPY_PHASE_STRIP = NO;
				DEBUG_INFORMATION_FORMAT = dwarf;
				ENABLE_STRICT_OBJC_MSGSEND = YES;
				ENABLE_TESTABILITY = YES;
				GCC_C_LANGUAGE_STANDARD = gnu11;
				GCC_DYNAMIC_NO_PIC = NO;
				GCC_NO_COMMON_BLOCKS = YES;
				GCC_OPTIMIZATION_LEVEL = 0;
				GCC_PREPROCESSOR_DEFINITIONS = (
					"$(inherited)",
					"DEBUG=1",
				);
				GCC_WARN_64_TO_32_BIT_CONVERSION = YES;
				GCC_WARN_ABOUT_RETURN_TYPE = YES_ERROR;
				GCC_WARN_UNDECLARED_SELECTOR = YES;
				GCC_WARN_UNINITIALIZED_AUTOS = YES_AGGRESSIVE;
				GCC_WARN_UNUSED_FUNCTION = YES;
				GCC_WARN_UNUSED_VARIABLE = YES;
				INFOPLIST_FILE = Resources/Info.plist;
				IPHONEOS_DEPLOYMENT_TARGET = 17.0;
				MTL_ENABLE_DEBUG_INFO = INCLUDE_SOURCE;
				MTL_FAST_MATH = YES;
				ONLY_ACTIVE_ARCH = YES;
				PRODUCT_NAME = "$(TARGET_NAME)";
				SDKROOT = iphoneos;
				SWIFT_ACTIVE_COMPILATION_CONDITIONS = DEBUG;
				SWIFT_OPTIMIZATION_LEVEL = "-Onone";
				SWIFT_VERSION = 6.0;
			};
			name = Debug;
		};
		CDDEFA0C870A7D2276928E88 /* Release */ = {
			isa = XCBuildConfiguration;
			buildSettings = {
				ALWAYS_SEARCH_USER_PATHS = NO;
				CLANG_ANALYZER_NONNULL = YES;
				CLANG_ANALYZER_NUMBER_OBJECT_CONVERSION = YES_AGGRESSIVE;
				CLANG_CXX_LANGUAGE_STANDARD = "gnu++14";
				CLANG_CXX_LIBRARY = "libc++";
				CLANG_ENABLE_MODULES = YES;
				CLANG_ENABLE_OBJC_ARC = YES;
				CLANG_ENABLE_OBJC_WEAK = YES;
				CLANG_WARN_BLOCK_CAPTURE_AUTORELEASING = YES;
				CLANG_WARN_BOOL_CONVERSION = YES;
				CLANG_WARN_COMMA = YES;
				CLANG_WARN_CONSTANT_CONVERSION = YES;
				CLANG_WARN_DEPRECATED_OBJC_IMPLEMENTATIONS = YES;
				CLANG_WARN_DIRECT_OBJC_ISA_USAGE = YES_ERROR;
				CLANG_WARN_DOCUMENTATION_COMMENTS = YES;
				CLANG_WARN_EMPTY_BODY = YES;
				CLANG_WARN_ENUM_CONVERSION = YES;
				CLANG_WARN_INFINITE_RECURSION = YES;
				CLANG_WARN_INT_CONVERSION = YES;
				CLANG_WARN_NON_LITERAL_NULL_CONVERSION = YES;
				CLANG_WARN_OBJC_IMPLICIT_RETAIN_SELF = YES;
				CLANG_WARN_OBJC_LITERAL_CONVERSION = YES;
				CLANG_WARN_OBJC_ROOT_CLASS = YES_ERROR;
				CLANG_WARN_QUOTED_INCLUDE_IN_FRAMEWORK_HEADER = YES;
				CLANG_WARN_RANGE_LOOP_ANALYSIS = YES;
				CLANG_WARN_STRICT_PROTOTYPES = YES;
				CLANG_WARN_SUSPICIOUS_MOVE = YES;
				CLANG_WARN_UNGUARDED_AVAILABILITY = YES_AGGRESSIVE;
				CLANG_WARN_UNREACHABLE_CODE = YES;
				CLANG_WARN__DUPLICATE_METHOD_MATCH = YES;
				CODE_SIGN_STYLE = Automatic;
				COPY_PHASE_STRIP = NO;
				DEBUG_INFORMATION_FORMAT = "dwarf-with-dsym";
				ENABLE_NS_ASSERTIONS = NO;
				ENABLE_STRICT_OBJC_MSGSEND = YES;
				GCC_C_LANGUAGE_STANDARD = gnu11;
				GCC_NO_COMMON_BLOCKS = YES;
				GCC_WARN_64_TO_32_BIT_CONVERSION = YES;
				GCC_WARN_ABOUT_RETURN_TYPE = YES_ERROR;
				GCC_WARN_UNDECLARED_SELECTOR = YES;
				GCC_WARN_UNINITIALIZED_AUTOS = YES_AGGRESSIVE;
				GCC_WARN_UNUSED_FUNCTION = YES;
				GCC_WARN_UNUSED_VARIABLE = YES;
				INFOPLIST_FILE = Resources/Info.plist;
				IPHONEOS_DEPLOYMENT_TARGET = 17.0;
				MTL_ENABLE_DEBUG_INFO = NO;
				MTL_FAST_MATH = YES;
				PRODUCT_NAME = "$(TARGET_NAME)";
				SDKROOT = iphoneos;
				SWIFT_COMPILATION_MODE = wholemodule;
				SWIFT_OPTIMIZATION_LEVEL = "-O";
				SWIFT_VERSION = 6.0;
			};
			name = Release;
		};
/* End XCBuildConfiguration section */

/* Begin XCConfigurationList section */
		2A20A7C8BD9C10D484F7817D /* Build configuration list for PBXNativeTarget "Glyph" */ = {
			isa = XCConfigurationList;
			buildConfigurations = (
				9D2BCD8DF60BD169C2126CA5 /* Debug */,
				A56DF4A06646094422E13D47 /* Release */,
			);
			defaultConfigurationIsVisible = 0;
			defaultConfigurationName = Debug;
		};
		B4AEB906C0C0A894869CFAD8 /* Build configuration list for PBXProject "Glyph" */ = {
			isa = XCConfigurationList;
			buildConfigurations = (
				CBA873F82BEA70B4FDFA8A42 /* Debug */,
				CDDEFA0C870A7D2276928E88 /* Release */,
			);
			defaultConfigurationIsVisible = 0;
			defaultConfigurationName = Debug;
		};
/* End XCConfigurationList section */
	};
	rootObject = A7D9785233E3185C5D28B33F /* Project object */;
}
